
Microsoft Visual Studio Solution File, Format Version 12.00
# Visual Studio 2013
VisualStudioVersion = 12.0.31101.0
MinimumVisualStudioVersion = 10.0.40219.1
Project("{FAE04EC0-301F-11D3-BF4B-00C04F79EFBC}") = "LordJZ.Unsafe.Builder", "LordJZ.Unsafe.Builder\LordJZ.Unsafe.Builder.csproj", "{FF77081F-2415-4BE5-A8DF-52CC7190D732}"
EndProject
Project("{FAE04EC0-301F-11D3-BF4B-00C04F79EFBC}") = "LordJZ.Unsafe", "LordJZ.Unsafe\LordJZ.Unsafe.csproj", "{41D85910-3702-4E57-9754-4CB4D6F595EB}"
	ProjectSection(ProjectDependencies) = postProject
		{FF77081F-2415-4BE5-A8DF-52CC7190D732} = {FF77081F-2415-4BE5-A8DF-52CC7190D732}
	EndProjectSection
EndProject
Project("{FAE04EC0-301F-11D3-BF4B-00C04F79EFBC}") = "LordJZ.Unsafe.Tests", "LordJZ.Unsafe.Tests\LordJZ.Unsafe.Tests.csproj", "{CFFA03B9-BDF7-4EF4-9815-96CA8C6E2C1D}"
EndProject
Global
	GlobalSection(SolutionConfigurationPlatforms) = preSolution
		Debug|Any CPU = Debug|Any CPU
		Release|Any CPU = Release|Any CPU
	EndGlobalSection
	GlobalSection(ProjectConfigurationPlatforms) = postSolution
		{FF77081F-2415-4BE5-A8DF-52CC7190D732}.Debug|Any CPU.ActiveCfg = Debug|Any CPU
		{FF77081F-2415-4BE5-A8DF-52CC7190D732}.Debug|Any CPU.Build.0 = Debug|Any CPU
		{FF77081F-2415-4BE5-A8DF-52CC7190D732}.Release|Any CPU.ActiveCfg = Release|Any CPU
		{FF77081F-2415-4BE5-A8DF-52CC7190D732}.Release|Any CPU.Build.0 = Release|Any CPU
		{41D85910-3702-4E57-9754-4CB4D6F595EB}.Debug|Any CPU.ActiveCfg = Debug|Any CPU
		{41D85910-3702-4E57-9754-4CB4D6F595EB}.Debug|Any CPU.Build.0 = Debug|Any CPU
		{41D85910-3702-4E57-9754-4CB4D6F595EB}.Release|Any CPU.ActiveCfg = Release|Any CPU
		{41D85910-3702-4E57-9754-4CB4D6F595EB}.Release|Any CPU.Build.0 = Release|Any CPU
		{CFFA03B9-BDF7-4EF4-9815-96CA8C6E2C1D}.Debug|Any CPU.ActiveCfg = Debug|Any CPU
		{CFFA03B9-BDF7-4EF4-9815-96CA8C6E2C1D}.Debug|Any CPU.Build.0 = Debug|Any CPU
		{CFFA03B9-BDF7-4EF4-9815-96CA8C6E2C1D}.Release|Any CPU.ActiveCfg = Release|Any CPU
		{CFFA03B9-BDF7-4EF4-9815-96CA8C6E2C1D}.Release|Any CPU.Build.0 = Release|Any CPU
	EndGlobalSection
	GlobalSection(SolutionProperties) = preSolution
		HideSolutionNode = FALSE
	EndGlobalSection
EndGlobal
